// !$*UTF8*$!
{
	archiveVersion = 1;
	classes = {
	};
	objectVersion = 50;
	objects = {

/* Begin PBXBuildFile section */
		265502E923655D0E00EE186E /* AppDelegate.swift in Sources */ = {isa = PBXBuildFile; fileRef = 265502E823655D0E00EE186E /* AppDelegate.swift */; };
		265502EB23655D0E00EE186E /* SceneDelegate.swift in Sources */ = {isa = PBXBuildFile; fileRef = 265502EA23655D0E00EE186E /* SceneDelegate.swift */; };
		265502ED23655D0E00EE186E /* ViewController.swift in Sources */ = {isa = PBXBuildFile; fileRef = 265502EC23655D0E00EE186E /* ViewController.swift */; };
		265502F023655D0E00EE186E /* Main.storyboard in Resources */ = {isa = PBXBuildFile; fileRef = 265502EE23655D0E00EE186E /* Main.storyboard */; };
		265502F223655D0F00EE186E /* Assets.xcassets in Resources */ = {isa = PBXBuildFile; fileRef = 265502F123655D0F00EE186E /* Assets.xcassets */; };
		265502F523655D0F00EE186E /* LaunchScreen.storyboard in Resources */ = {isa = PBXBuildFile; fileRef = 265502F323655D0F00EE186E /* LaunchScreen.storyboard */; };
		2655030023655D0F00EE186E /* MarleySpoonTests.swift in Sources */ = {isa = PBXBuildFile; fileRef = 265502FF23655D0F00EE186E /* MarleySpoonTests.swift */; };
		2655031223655E3800EE186E /* libNetworkLayer.a in Frameworks */ = {isa = PBXBuildFile; fileRef = 2655031023655E2500EE186E /* libNetworkLayer.a */; };
/* End PBXBuildFile section */

/* Begin PBXContainerItemProxy section */
		265502FC23655D0F00EE186E /* PBXContainerItemProxy */ = {
			isa = PBXContainerItemProxy;
			containerPortal = 265502DD23655D0E00EE186E /* Project object */;
			proxyType = 1;
			remoteGlobalIDString = 265502E423655D0E00EE186E;
			remoteInfo = MarleySpoon;
		};
		2655030F23655E2500EE186E /* PBXContainerItemProxy */ = {
			isa = PBXContainerItemProxy;
			containerPortal = 2655030A23655E2500EE186E /* NetworkLayer.xcodeproj */;
			proxyType = 2;
			remoteGlobalIDString = 2649359E21B6317400FA3816;
			remoteInfo = NetworkLayer;
		};
/* End PBXContainerItemProxy section */

/* Begin PBXFileReference section */
		265502E523655D0E00EE186E /* MarleySpoon.app */ = {isa = PBXFileReference; explicitFileType = wrapper.application; includeInIndex = 0; path = MarleySpoon.app; sourceTree = BUILT_PRODUCTS_DIR; };
		265502E823655D0E00EE186E /* AppDelegate.swift */ = {isa = PBXFileReference; lastKnownFileType = sourcecode.swift; path = AppDelegate.swift; sourceTree = "<group>"; };
		265502EA23655D0E00EE186E /* SceneDelegate.swift */ = {isa = PBXFileReference; lastKnownFileType = sourcecode.swift; path = SceneDelegate.swift; sourceTree = "<group>"; };
		265502EC23655D0E00EE186E /* ViewController.swift */ = {isa = PBXFileReference; lastKnownFileType = sourcecode.swift; path = ViewController.swift; sourceTree = "<group>"; };
		265502EF23655D0E00EE186E /* Base */ = {isa = PBXFileReference; lastKnownFileType = file.storyboard; name = Base; path = Base.lproj/Main.storyboard; sourceTree = "<group>"; };
		265502F123655D0F00EE186E /* Assets.xcassets */ = {isa = PBXFileReference; lastKnownFileType = folder.assetcatalog; path = Assets.xcassets; sourceTree = "<group>"; };
		265502F423655D0F00EE186E /* Base */ = {isa = PBXFileReference; lastKnownFileType = file.storyboard; name = Base; path = Base.lproj/LaunchScreen.storyboard; sourceTree = "<group>"; };
		265502F623655D0F00EE186E /* Info.plist */ = {isa = PBXFileReference; lastKnownFileType = text.plist.xml; path = Info.plist; sourceTree = "<group>"; };
		265502FB23655D0F00EE186E /* MarleySpoonTests.xctest */ = {isa = PBXFileReference; explicitFileType = wrapper.cfbundle; includeInIndex = 0; path = MarleySpoonTests.xctest; sourceTree = BUILT_PRODUCTS_DIR; };
		265502FF23655D0F00EE186E /* MarleySpoonTests.swift */ = {isa = PBXFileReference; lastKnownFileType = sourcecode.swift; path = MarleySpoonTests.swift; sourceTree = "<group>"; };
		2655030123655D0F00EE186E /* Info.plist */ = {isa = PBXFileReference; lastKnownFileType = text.plist.xml; path = Info.plist; sourceTree = "<group>"; };
		2655030A23655E2500EE186E /* NetworkLayer.xcodeproj */ = {isa = PBXFileReference; lastKnownFileType = "wrapper.pb-project"; name = NetworkLayer.xcodeproj; path = networklayer/NetworkLayer.xcodeproj; sourceTree = "<group>"; };
/* End PBXFileReference section */

/* Begin PBXFrameworksBuildPhase section */
		265502E223655D0E00EE186E /* Frameworks */ = {
			isa = PBXFrameworksBuildPhase;
			buildActionMask = 2147483647;
			files = (
				2655031223655E3800EE186E /* libNetworkLayer.a in Frameworks */,
			);
			runOnlyForDeploymentPostprocessing = 0;
		};
		265502F823655D0F00EE186E /* Frameworks */ = {
			isa = PBXFrameworksBuildPhase;
			buildActionMask = 2147483647;
			files = (
			);
			runOnlyForDeploymentPostprocessing = 0;
		};
/* End PBXFrameworksBuildPhase section */

/* Begin PBXGroup section */
		265502DC23655D0E00EE186E = {
			isa = PBXGroup;
			children = (
				2655030A23655E2500EE186E /* NetworkLayer.xcodeproj */,
				265502E723655D0E00EE186E /* MarleySpoon */,
				265502FE23655D0F00EE186E /* MarleySpoonTests */,
				265502E623655D0E00EE186E /* Products */,
				2655031123655E3800EE186E /* Frameworks */,
			);
			sourceTree = "<group>";
		};
		265502E623655D0E00EE186E /* Products */ = {
			isa = PBXGroup;
			children = (
				265502E523655D0E00EE186E /* MarleySpoon.app */,
				265502FB23655D0F00EE186E /* MarleySpoonTests.xctest */,
			);
			name = Products;
			sourceTree = "<group>";
		};
		265502E723655D0E00EE186E /* MarleySpoon */ = {
			isa = PBXGroup;
			children = (
				265502E823655D0E00EE186E /* AppDelegate.swift */,
				265502EA23655D0E00EE186E /* SceneDelegate.swift */,
				265502EC23655D0E00EE186E /* ViewController.swift */,
				265502EE23655D0E00EE186E /* Main.storyboard */,
				265502F123655D0F00EE186E /* Assets.xcassets */,
				265502F323655D0F00EE186E /* LaunchScreen.storyboard */,
				265502F623655D0F00EE186E /* Info.plist */,
			);
			path = MarleySpoon;
			sourceTree = "<group>";
		};
		265502FE23655D0F00EE186E /* MarleySpoonTests */ = {
			isa = PBXGroup;
			children = (
				265502FF23655D0F00EE186E /* MarleySpoonTests.swift */,
				2655030123655D0F00EE186E /* Info.plist */,
			);
			path = MarleySpoonTests;
			sourceTree = "<group>";
		};
		2655030B23655E2500EE186E /* Products */ = {
			isa = PBXGroup;
			children = (
				2655031023655E2500EE186E /* libNetworkLayer.a */,
			);
			name = Products;
			sourceTree = "<group>";
		};
		2655031123655E3800EE186E /* Frameworks */ = {
			isa = PBXGroup;
			children = (
			);
			name = Frameworks;
			sourceTree = "<group>";
		};
/* End PBXGroup section */

/* Begin PBXNativeTarget section */
		265502E423655D0E00EE186E /* MarleySpoon */ = {
			isa = PBXNativeTarget;
			buildConfigurationList = 2655030423655D0F00EE186E /* Build configuration list for PBXNativeTarget "MarleySpoon" */;
			buildPhases = (
				265502E123655D0E00EE186E /* Sources */,
				265502E223655D0E00EE186E /* Frameworks */,
				265502E323655D0E00EE186E /* Resources */,
			);
			buildRules = (
			);
			dependencies = (
			);
			name = MarleySpoon;
			productName = MarleySpoon;
			productReference = 265502E523655D0E00EE186E /* MarleySpoon.app */;
			productType = "com.apple.product-type.application";
		};
		265502FA23655D0F00EE186E /* MarleySpoonTests */ = {
			isa = PBXNativeTarget;
			buildConfigurationList = 2655030723655D0F00EE186E /* Build configuration list for PBXNativeTarget "MarleySpoonTests" */;
			buildPhases = (
				265502F723655D0F00EE186E /* Sources */,
				265502F823655D0F00EE186E /* Frameworks */,
				265502F923655D0F00EE186E /* Resources */,
			);
			buildRules = (
			);
			dependencies = (
				265502FD23655D0F00EE186E /* PBXTargetDependency */,
			);
			name = MarleySpoonTests;
			productName = MarleySpoonTests;
			productReference = 265502FB23655D0F00EE186E /* MarleySpoonTests.xctest */;
			productType = "com.apple.product-type.bundle.unit-test";
		};
/* End PBXNativeTarget section */

/* Begin PBXProject section */
		265502DD23655D0E00EE186E /* Project object */ = {
			isa = PBXProject;
			attributes = {
				LastSwiftUpdateCheck = 1120;
				LastUpgradeCheck = 1120;
				ORGANIZATIONNAME = Adriana;
				TargetAttributes = {
					265502E423655D0E00EE186E = {
						CreatedOnToolsVersion = 11.2;
					};
					265502FA23655D0F00EE186E = {
						CreatedOnToolsVersion = 11.2;
						TestTargetID = 265502E423655D0E00EE186E;
					};
				};
			};
			buildConfigurationList = 265502E023655D0E00EE186E /* Build configuration list for PBXProject "MarleySpoon" */;
			compatibilityVersion = "Xcode 9.3";
			developmentRegion = en;
			hasScannedForEncodings = 0;
			knownRegions = (
				en,
				Base,
			);
			mainGroup = 265502DC23655D0E00EE186E;
			productRefGroup = 265502E623655D0E00EE186E /* Products */;
			projectDirPath = "";
			projectReferences = (
				{
					ProductGroup = 2655030B23655E2500EE186E /* Products */;
					ProjectRef = 2655030A23655E2500EE186E /* NetworkLayer.xcodeproj */;
				},
			);
			projectRoot = "";
			targets = (
				265502E423655D0E00EE186E /* MarleySpoon */,
				265502FA23655D0F00EE186E /* MarleySpoonTests */,
			);
		};
/* End PBXProject section */

/* Begin PBXReferenceProxy section */
		2655031023655E2500EE186E /* libNetworkLayer.a */ = {
			isa = PBXReferenceProxy;
			fileType = archive.ar;
			path = libNetworkLayer.a;
			remoteRef = 2655030F23655E2500EE186E /* PBXContainerItemProxy */;
			sourceTree = BUILT_PRODUCTS_DIR;
		};
/* End PBXReferenceProxy section */

/* Begin PBXResourcesBuildPhase section */
		265502E323655D0E00EE186E /* Resources */ = {
			isa = PBXResourcesBuildPhase;
			buildActionMask = 2147483647;
			files = (
				265502F523655D0F00EE186E /* LaunchScreen.storyboard in Resources */,
				265502F223655D0F00EE186E /* Assets.xcassets in Resources */,
				265502F023655D0E00EE186E /* Main.storyboard in Resources */,
			);
			runOnlyForDeploymentPostprocessing = 0;
		};
		265502F923655D0F00EE186E /* Resources */ = {
			isa = PBXResourcesBuildPhase;
			buildActionMask = 2147483647;
			files = (
			);
			runOnlyForDeploymentPostprocessing = 0;
		};
/* End PBXResourcesBuildPhase section */

/* Begin PBXSourcesBuildPhase section */
		265502E123655D0E00EE186E /* Sources */ = {
			isa = PBXSourcesBuildPhase;
			buildActionMask = 2147483647;
			files = (
				265502ED23655D0E00EE186E /* ViewController.swift in Sources */,
				265502E923655D0E00EE186E /* AppDelegate.swift in Sources */,
				265502EB23655D0E00EE186E /* SceneDelegate.swift in Sources */,
			);
			runOnlyForDeploymentPostprocessing = 0;
		};
		265502F723655D0F00EE186E /* Sources */ = {
			isa = PBXSourcesBuildPhase;
			buildActionMask = 2147483647;
			files = (
				2655030023655D0F00EE186E /* MarleySpoonTests.swift in Sources */,
			);
			runOnlyForDeploymentPostprocessing = 0;
		};
/* End PBXSourcesBuildPhase section */

/* Begin PBXTargetDependency section */
		265502FD23655D0F00EE186E /* PBXTargetDependency */ = {
			isa = PBXTargetDependency;
			target = 265502E423655D0E00EE186E /* MarleySpoon */;
			targetProxy = 265502FC23655D0F00EE186E /* PBXContainerItemProxy */;
		};
/* End PBXTargetDependency section */

/* Begin PBXVariantGroup section */
		265502EE23655D0E00EE186E /* Main.storyboard */ = {
			isa = PBXVariantGroup;
			children = (
				265502EF23655D0E00EE186E /* Base */,
			);
			name = Main.storyboard;
			sourceTree = "<group>";
		};
		265502F323655D0F00EE186E /* LaunchScreen.storyboard */ = {
			isa = PBXVariantGroup;
			children = (
				265502F423655D0F00EE186E /* Base */,
			);
			name = LaunchScreen.storyboard;
			sourceTree = "<group>";
		};
/* End PBXVariantGroup section */

/* Begin XCBuildConfiguration section */
		2655030223655D0F00EE186E /* Debug */ = {
			isa = XCBuildConfiguration;
			buildSettings = {
				ALWAYS_SEARCH_USER_PATHS = NO;
				CLANG_ANALYZER_NONNULL = YES;
				CLANG_ANALYZER_NUMBER_OBJECT_CONVERSION = YES_AGGRESSIVE;
				CLANG_CXX_LANGUAGE_STANDARD = "gnu++14";
				CLANG_CXX_LIBRARY = "libc++";
				CLANG_ENABLE_MODULES = YES;
				CLANG_ENABLE_OBJC_ARC = YES;
				CLANG_ENABLE_OBJC_WEAK = YES;
				CLANG_WARN_BLOCK_CAPTURE_AUTORELEASING = YES;
				CLANG_WARN_BOOL_CONVERSION = YES;
				CLANG_WARN_COMMA = YES;
				CLANG_WARN_CONSTANT_CONVERSION = YES;
				CLANG_WARN_DEPRECATED_OBJC_IMPLEMENTATIONS = YES;
				CLANG_WARN_DIRECT_OBJC_ISA_USAGE = YES_ERROR;
				CLANG_WARN_DOCUMENTATION_COMMENTS = YES;
				CLANG_WARN_EMPTY_BODY = YES;
				CLANG_WARN_ENUM_CONVERSION = YES;
				CLANG_WARN_INFINITE_RECURSION = YES;
				CLANG_WARN_INT_CONVERSION = YES;
				CLANG_WARN_NON_LITERAL_NULL_CONVERSION = YES;
				CLANG_WARN_OBJC_IMPLICIT_RETAIN_SELF = YES;
				CLANG_WARN_OBJC_LITERAL_CONVERSION = YES;
				CLANG_WARN_OBJC_ROOT_CLASS = YES_ERROR;
				CLANG_WARN_RANGE_LOOP_ANALYSIS = YES;
				CLANG_WARN_STRICT_PROTOTYPES = YES;
				CLANG_WARN_SUSPICIOUS_MOVE = YES;
				CLANG_WARN_UNGUARDED_AVAILABILITY = YES_AGGRESSIVE;
				CLANG_WARN_UNREACHABLE_CODE = YES;
				CLANG_WARN__DUPLICATE_METHOD_MATCH = YES;
				COPY_PHASE_STRIP = NO;
				DEBUG_INFORMATION_FORMAT = dwarf;
				ENABLE_STRICT_OBJC_MSGSEND = YES;
				ENABLE_TESTABILITY = YES;
				GCC_C_LANGUAGE_STANDARD = gnu11;
				GCC_DYNAMIC_NO_PIC = NO;
				GCC_NO_COMMON_BLOCKS = YES;
				GCC_OPTIMIZATION_LEVEL = 0;
				GCC_PREPROCESSOR_DEFINITIONS = (
					"DEBUG=1",
					"$(inherited)",
				);
				GCC_WARN_64_TO_32_BIT_CONVERSION = YES;
				GCC_WARN_ABOUT_RETURN_TYPE = YES_ERROR;
				GCC_WARN_UNDECLARED_SELECTOR = YES;
				GCC_WARN_UNINITIALIZED_AUTOS = YES_AGGRESSIVE;
				GCC_WARN_UNUSED_FUNCTION = YES;
				GCC_WARN_UNUSED_VARIABLE = YES;
				IPHONEOS_DEPLOYMENT_TARGET = 13.2;
				MTL_ENABLE_DEBUG_INFO = INCLUDE_SOURCE;
				MTL_FAST_MATH = YES;
				ONLY_ACTIVE_ARCH = YES;
				SDKROOT = iphoneos;
				SWIFT_ACTIVE_COMPILATION_CONDITIONS = DEBUG;
				SWIFT_OPTIMIZATION_LEVEL = "-Onone";
			};
			name = Debug;
		};
		2655030323655D0F00EE186E /* Release */ = {
			isa = XCBuildConfiguration;
			buildSettings = {
				ALWAYS_SEARCH_USER_PATHS = NO;
				CLANG_ANALYZER_NONNULL = YES;
				CLANG_ANALYZER_NUMBER_OBJECT_CONVERSION = YES_AGGRESSIVE;
				CLANG_CXX_LANGUAGE_STANDARD = "gnu++14";
				CLANG_CXX_LIBRARY = "libc++";
				CLANG_ENABLE_MODULES = YES;
				CLANG_ENABLE_OBJC_ARC = YES;
				CLANG_ENABLE_OBJC_WEAK = YES;
				CLANG_WARN_BLOCK_CAPTURE_AUTORELEASING = YES;
				CLANG_WARN_BOOL_CONVERSION = YES;
				CLANG_WARN_COMMA = YES;
				CLANG_WARN_CONSTANT_CONVERSION = YES;
				CLANG_WARN_DEPRECATED_OBJC_IMPLEMENTATIONS = YES;
				CLANG_WARN_DIRECT_OBJC_ISA_USAGE = YES_ERROR;
				CLANG_WARN_DOCUMENTATION_COMMENTS = YES;
				CLANG_WARN_EMPTY_BODY = YES;
				CLANG_WARN_ENUM_CONVERSION = YES;
				CLANG_WARN_INFINITE_RECURSION = YES;
				CLANG_WARN_INT_CONVERSION = YES;
				CLANG_WARN_NON_LITERAL_NULL_CONVERSION = YES;
				CLANG_WARN_OBJC_IMPLICIT_RETAIN_SELF = YES;
				CLANG_WARN_OBJC_LITERAL_CONVERSION = YES;
				CLANG_WARN_OBJC_ROOT_CLASS = YES_ERROR;
				CLANG_WARN_RANGE_LOOP_ANALYSIS = YES;
				CLANG_WARN_STRICT_PROTOTYPES = YES;
				CLANG_WARN_SUSPICIOUS_MOVE = YES;
				CLANG_WARN_UNGUARDED_AVAILABILITY = YES_AGGRESSIVE;
				CLANG_WARN_UNREACHABLE_CODE = YES;
				CLANG_WARN__DUPLICATE_METHOD_MATCH = YES;
				COPY_PHASE_STRIP = NO;
				DEBUG_INFORMATION_FORMAT = "dwarf-with-dsym";
				ENABLE_NS_ASSERTIONS = NO;
				ENABLE_STRICT_OBJC_MSGSEND = YES;
				GCC_C_LANGUAGE_STANDARD = gnu11;
				GCC_NO_COMMON_BLOCKS = YES;
				GCC_WARN_64_TO_32_BIT_CONVERSION = YES;
				GCC_WARN_ABOUT_RETURN_TYPE = YES_ERROR;
				GCC_WARN_UNDECLARED_SELECTOR = YES;
				GCC_WARN_UNINITIALIZED_AUTOS = YES_AGGRESSIVE;
				GCC_WARN_UNUSED_FUNCTION = YES;
				GCC_WARN_UNUSED_VARIABLE = YES;
				IPHONEOS_DEPLOYMENT_TARGET = 13.2;
				MTL_ENABLE_DEBUG_INFO = NO;
				MTL_FAST_MATH = YES;
				SDKROOT = iphoneos;
				SWIFT_COMPILATION_MODE = wholemodule;
				SWIFT_OPTIMIZATION_LEVEL = "-O";
				VALIDATE_PRODUCT = YES;
			};
			name = Release;
		};
		2655030523655D0F00EE186E /* Debug */ = {
			isa = XCBuildConfiguration;
			buildSettings = {
				ASSETCATALOG_COMPILER_APPICON_NAME = AppIcon;
				CODE_SIGN_STYLE = Automatic;
				DEVELOPMENT_TEAM = W3RCCUG568;
				INFOPLIST_FILE = MarleySpoon/Info.plist;
				LD_RUNPATH_SEARCH_PATHS = (
					"$(inherited)",
					"@executable_path/Frameworks",
				);
				PRODUCT_BUNDLE_IDENTIFIER = com.adriana.MarleySpoon;
				PRODUCT_NAME = "$(TARGET_NAME)";
				SWIFT_VERSION = 5.0;
				TARGETED_DEVICE_FAMILY = "1,2";
			};
			name = Debug;
		};
		2655030623655D0F00EE186E /* Release */ = {
			isa = XCBuildConfiguration;
			buildSettings = {
				ASSETCATALOG_COMPILER_APPICON_NAME = AppIcon;
				CODE_SIGN_STYLE = Automatic;
				DEVELOPMENT_TEAM = W3RCCUG568;
				INFOPLIST_FILE = MarleySpoon/Info.plist;
				LD_RUNPATH_SEARCH_PATHS = (
					"$(inherited)",
					"@executable_path/Frameworks",
				);
				PRODUCT_BUNDLE_IDENTIFIER = com.adriana.MarleySpoon;
				PRODUCT_NAME = "$(TARGET_NAME)";
				SWIFT_VERSION = 5.0;
				TARGETED_DEVICE_FAMILY = "1,2";
			};
			name = Release;
		};
		2655030823655D0F00EE186E /* Debug */ = {
			isa = XCBuildConfiguration;
			buildSettings = {
				ALWAYS_EMBED_SWIFT_STANDARD_LIBRARIES = YES;
				BUNDLE_LOADER = "$(TEST_HOST)";
				CODE_SIGN_STYLE = Automatic;
				DEVELOPMENT_TEAM = W3RCCUG568;
				INFOPLIST_FILE = MarleySpoonTests/Info.plist;
				IPHONEOS_DEPLOYMENT_TARGET = 13.2;
				LD_RUNPATH_SEARCH_PATHS = (
					"$(inherited)",
					"@executable_path/Frameworks",
					"@loader_path/Frameworks",
				);
				PRODUCT_BUNDLE_IDENTIFIER = com.adriana.MarleySpoonTests;
				PRODUCT_NAME = "$(TARGET_NAME)";
				SWIFT_VERSION = 5.0;
				TARGETED_DEVICE_FAMILY = "1,2";
				TEST_HOST = "$(BUILT_PRODUCTS_DIR)/MarleySpoon.app/MarleySpoon";
			};
			name = Debug;
		};
		2655030923655D0F00EE186E /* Release */ = {
			isa = XCBuildConfiguration;
			buildSettings = {
				ALWAYS_EMBED_SWIFT_STANDARD_LIBRARIES = YES;
				BUNDLE_LOADER = "$(TEST_HOST)";
				CODE_SIGN_STYLE = Automatic;
				DEVELOPMENT_TEAM = W3RCCUG568;
				INFOPLIST_FILE = MarleySpoonTests/Info.plist;
				IPHONEOS_DEPLOYMENT_TARGET = 13.2;
				LD_RUNPATH_SEARCH_PATHS = (
					"$(inherited)",
					"@executable_path/Frameworks",
					"@loader_path/Frameworks",
				);
				PRODUCT_BUNDLE_IDENTIFIER = com.adriana.MarleySpoonTests;
				PRODUCT_NAME = "$(TARGET_NAME)";
				SWIFT_VERSION = 5.0;
				TARGETED_DEVICE_FAMILY = "1,2";
				TEST_HOST = "$(BUILT_PRODUCTS_DIR)/MarleySpoon.app/MarleySpoon";
			};
			name = Release;
		};
/* End XCBuildConfiguration section */

/* Begin XCConfigurationList section */
		265502E023655D0E00EE186E /* Build configuration list for PBXProject "MarleySpoon" */ = {
			isa = XCConfigurationList;
			buildConfigurations = (
				2655030223655D0F00EE186E /* Debug */,
				2655030323655D0F00EE186E /* Release */,
			);
			defaultConfigurationIsVisible = 0;
			defaultConfigurationName = Release;
		};
		2655030423655D0F00EE186E /* Build configuration list for PBXNativeTarget "MarleySpoon" */ = {
			isa = XCConfigurationList;
			buildConfigurations = (
				2655030523655D0F00EE186E /* Debug */,
				2655030623655D0F00EE186E /* Release */,
			);
			defaultConfigurationIsVisible = 0;
			defaultConfigurationName = Release;
		};
		2655030723655D0F00EE186E /* Build configuration list for PBXNativeTarget "MarleySpoonTests" */ = {
			isa = XCConfigurationList;
			buildConfigurations = (
				2655030823655D0F00EE186E /* Debug */,
				2655030923655D0F00EE186E /* Release */,
			);
			defaultConfigurationIsVisible = 0;
			defaultConfigurationName = Release;
		};
/* End XCConfigurationList section */
	};
	rootObject = 265502DD23655D0E00EE186E /* Project object */;
}
